
Microsoft Visual Studio Solution File, Format Version 12.00
# Visual Studio Version 16
VisualStudioVersion = 16.0.30804.86
MinimumVisualStudioVersion = 10.0.40219.1
Project("{FAE04EC0-301F-11D3-BF4B-00C04F79EFBC}") = "StandardAUTest", "StandardAUTest\StandardAUTest.csproj", "{5ADB4B98-24E4-4A6F-A05F-C8D8F4B4BDCF}"
EndProject
Project("{FAE04EC0-301F-11D3-BF4B-00C04F79EFBC}") = "StandardsAUTest.Application", "StandardsAUTest.Application\StandardsAUTest.Application.csproj", "{09BD1271-91B2-4894-B93F-0BDBDF834FE8}"
EndProject
Project("{FAE04EC0-301F-11D3-BF4B-00C04F79EFBC}") = "StandardsAUTest.Domain", "StandardsAUTest.Domain\StandardsAUTest.Domain.csproj", "{0B76997C-9619-4A9D-A65D-A773E226D8D3}"
EndProject
Project("{FAE04EC0-301F-11D3-BF4B-00C04F79EFBC}") = "StandardsAUTest.Infrastructure", "StandardsAUTest.Infrastructure\StandardsAUTest.Infrastructure.csproj", "{CA409EC7-DA3A-4C44-933F-E64D51847816}"
EndProject
Global
	GlobalSection(SolutionConfigurationPlatforms) = preSolution
		Debug|Any CPU = Debug|Any CPU
		Release|Any CPU = Release|Any CPU
	EndGlobalSection
	GlobalSection(ProjectConfigurationPlatforms) = postSolution
		{5ADB4B98-24E4-4A6F-A05F-C8D8F4B4BDCF}.Debug|Any CPU.ActiveCfg = Debug|Any CPU
		{5ADB4B98-24E4-4A6F-A05F-C8D8F4B4BDCF}.Debug|Any CPU.Build.0 = Debug|Any CPU
		{5ADB4B98-24E4-4A6F-A05F-C8D8F4B4BDCF}.Release|Any CPU.ActiveCfg = Release|Any CPU
		{5ADB4B98-24E4-4A6F-A05F-C8D8F4B4BDCF}.Release|Any CPU.Build.0 = Release|Any CPU
		{09BD1271-91B2-4894-B93F-0BDBDF834FE8}.Debug|Any CPU.ActiveCfg = Debug|Any CPU
		{09BD1271-91B2-4894-B93F-0BDBDF834FE8}.Debug|Any CPU.Build.0 = Debug|Any CPU
		{09BD1271-91B2-4894-B93F-0BDBDF834FE8}.Release|Any CPU.ActiveCfg = Release|Any CPU
		{09BD1271-91B2-4894-B93F-0BDBDF834FE8}.Release|Any CPU.Build.0 = Release|Any CPU
		{0B76997C-9619-4A9D-A65D-A773E226D8D3}.Debug|Any CPU.ActiveCfg = Debug|Any CPU
		{0B76997C-9619-4A9D-A65D-A773E226D8D3}.Debug|Any CPU.Build.0 = Debug|Any CPU
		{0B76997C-9619-4A9D-A65D-A773E226D8D3}.Release|Any CPU.ActiveCfg = Release|Any CPU
		{0B76997C-9619-4A9D-A65D-A773E226D8D3}.Release|Any CPU.Build.0 = Release|Any CPU
		{CA409EC7-DA3A-4C44-933F-E64D51847816}.Debug|Any CPU.ActiveCfg = Debug|Any CPU
		{CA409EC7-DA3A-4C44-933F-E64D51847816}.Debug|Any CPU.Build.0 = Debug|Any CPU
		{CA409EC7-DA3A-4C44-933F-E64D51847816}.Release|Any CPU.ActiveCfg = Release|Any CPU
		{CA409EC7-DA3A-4C44-933F-E64D51847816}.Release|Any CPU.Build.0 = Release|Any CPU
	EndGlobalSection
	GlobalSection(SolutionProperties) = preSolution
		HideSolutionNode = FALSE
	EndGlobalSection
	GlobalSection(ExtensibilityGlobals) = postSolution
		SolutionGuid = {DF12EFC7-F1F1-4261-8159-C9E4E1CEA470}
	EndGlobalSection
EndGlobal
